// !$*UTF8*$!
{
	archiveVersion = 1;
	classes = {
	};
	objectVersion = 46;
	objects = {

/* Begin PBXBuildFile section */
		3F6BE1571580B01800DE3A4E /* Icon.png in Resources */ = {isa = PBXBuildFile; fileRef = 3F6BE1551580B01800DE3A4E /* Icon.png */; };
		3F6BE1581580B01800DE3A4E /* Icon@2x.png in Resources */ = {isa = PBXBuildFile; fileRef = 3F6BE1561580B01800DE3A4E /* Icon@2x.png */; };
		B40A4A2314C586BA00973ED8 /* UIKit.framework in Frameworks */ = {isa = PBXBuildFile; fileRef = B40A4A2214C586BA00973ED8 /* UIKit.framework */; };
		B40A4A2514C586BA00973ED8 /* Foundation.framework in Frameworks */ = {isa = PBXBuildFile; fileRef = B40A4A2414C586BA00973ED8 /* Foundation.framework */; };
		B40A4A2714C586BA00973ED8 /* CoreGraphics.framework in Frameworks */ = {isa = PBXBuildFile; fileRef = B40A4A2614C586BA00973ED8 /* CoreGraphics.framework */; };
		B40A4A2D14C586BA00973ED8 /* InfoPlist.strings in Resources */ = {isa = PBXBuildFile; fileRef = B40A4A2B14C586BA00973ED8 /* InfoPlist.strings */; };
		B40A4A2F14C586BA00973ED8 /* main.m in Sources */ = {isa = PBXBuildFile; fileRef = B40A4A2E14C586BA00973ED8 /* main.m */; };
		B40A4A3314C586BA00973ED8 /* AppDelegate.m in Sources */ = {isa = PBXBuildFile; fileRef = B40A4A3214C586BA00973ED8 /* AppDelegate.m */; };
		B40A4A3614C586BA00973ED8 /* MainStoryboard.storyboard in Resources */ = {isa = PBXBuildFile; fileRef = B40A4A3414C586BA00973ED8 /* MainStoryboard.storyboard */; };
		B40A4A3914C586BA00973ED8 /* ViewController.m in Sources */ = {isa = PBXBuildFile; fileRef = B40A4A3814C586BA00973ED8 /* ViewController.m */; };
		B453230515750EBB00373C31 /* espresso.png in Resources */ = {isa = PBXBuildFile; fileRef = B453230415750EBB00373C31 /* espresso.png */; };
/* End PBXBuildFile section */

/* Begin PBXFileReference section */
		3F6BE1551580B01800DE3A4E /* Icon.png */ = {isa = PBXFileReference; lastKnownFileType = image.png; path = Icon.png; sourceTree = "<group>"; };
		3F6BE1561580B01800DE3A4E /* Icon@2x.png */ = {isa = PBXFileReference; lastKnownFileType = image.png; path = "Icon@2x.png"; sourceTree = "<group>"; };
		B40A4A1E14C586BA00973ED8 /* URL Tester.app */ = {isa = PBXFileReference; explicitFileType = wrapper.application; includeInIndex = 0; path = "URL Tester.app"; sourceTree = BUILT_PRODUCTS_DIR; };
		B40A4A2214C586BA00973ED8 /* UIKit.framework */ = {isa = PBXFileReference; lastKnownFileType = wrapper.framework; name = UIKit.framework; path = System/Library/Frameworks/UIKit.framework; sourceTree = SDKROOT; };
		B40A4A2414C586BA00973ED8 /* Foundation.framework */ = {isa = PBXFileReference; lastKnownFileType = wrapper.framework; name = Foundation.framework; path = System/Library/Frameworks/Foundation.framework; sourceTree = SDKROOT; };
		B40A4A2614C586BA00973ED8 /* CoreGraphics.framework */ = {isa = PBXFileReference; lastKnownFileType = wrapper.framework; name = CoreGraphics.framework; path = System/Library/Frameworks/CoreGraphics.framework; sourceTree = SDKROOT; };
		B40A4A2A14C586BA00973ED8 /* URL Tester-Info.plist */ = {isa = PBXFileReference; lastKnownFileType = text.plist.xml; path = "URL Tester-Info.plist"; sourceTree = "<group>"; };
		B40A4A2C14C586BA00973ED8 /* en */ = {isa = PBXFileReference; lastKnownFileType = text.plist.strings; name = en; path = en.lproj/InfoPlist.strings; sourceTree = "<group>"; };
		B40A4A2E14C586BA00973ED8 /* main.m */ = {isa = PBXFileReference; lastKnownFileType = sourcecode.c.objc; path = main.m; sourceTree = "<group>"; };
		B40A4A3014C586BA00973ED8 /* URL Tester-Prefix.pch */ = {isa = PBXFileReference; lastKnownFileType = sourcecode.c.h; path = "URL Tester-Prefix.pch"; sourceTree = "<group>"; };
		B40A4A3114C586BA00973ED8 /* AppDelegate.h */ = {isa = PBXFileReference; lastKnownFileType = sourcecode.c.h; path = AppDelegate.h; sourceTree = "<group>"; };
		B40A4A3214C586BA00973ED8 /* AppDelegate.m */ = {isa = PBXFileReference; lastKnownFileType = sourcecode.c.objc; path = AppDelegate.m; sourceTree = "<group>"; };
		B40A4A3514C586BA00973ED8 /* en */ = {isa = PBXFileReference; lastKnownFileType = file.storyboard; name = en; path = en.lproj/MainStoryboard.storyboard; sourceTree = "<group>"; };
		B40A4A3714C586BA00973ED8 /* ViewController.h */ = {isa = PBXFileReference; lastKnownFileType = sourcecode.c.h; path = ViewController.h; sourceTree = "<group>"; };
		B40A4A3814C586BA00973ED8 /* ViewController.m */ = {isa = PBXFileReference; lastKnownFileType = sourcecode.c.objc; path = ViewController.m; sourceTree = "<group>"; };
		B453230415750EBB00373C31 /* espresso.png */ = {isa = PBXFileReference; lastKnownFileType = image.png; path = espresso.png; sourceTree = "<group>"; };
/* End PBXFileReference section */

/* Begin PBXFrameworksBuildPhase section */
		B40A4A1B14C586BA00973ED8 /* Frameworks */ = {
			isa = PBXFrameworksBuildPhase;
			buildActionMask = 2147483647;
			files = (
				B40A4A2314C586BA00973ED8 /* UIKit.framework in Frameworks */,
				B40A4A2514C586BA00973ED8 /* Foundation.framework in Frameworks */,
				B40A4A2714C586BA00973ED8 /* CoreGraphics.framework in Frameworks */,
			);
			runOnlyForDeploymentPostprocessing = 0;
		};
/* End PBXFrameworksBuildPhase section */

/* Begin PBXGroup section */
		B40A4A1314C586BA00973ED8 = {
			isa = PBXGroup;
			children = (
				B40A4A2814C586BA00973ED8 /* URL Tester */,
				B40A4A2114C586BA00973ED8 /* Frameworks */,
				B40A4A1F14C586BA00973ED8 /* Products */,
			);
			sourceTree = "<group>";
		};
		B40A4A1F14C586BA00973ED8 /* Products */ = {
			isa = PBXGroup;
			children = (
				B40A4A1E14C586BA00973ED8 /* URL Tester.app */,
			);
			name = Products;
			sourceTree = "<group>";
		};
		B40A4A2114C586BA00973ED8 /* Frameworks */ = {
			isa = PBXGroup;
			children = (
				B40A4A2214C586BA00973ED8 /* UIKit.framework */,
				B40A4A2414C586BA00973ED8 /* Foundation.framework */,
				B40A4A2614C586BA00973ED8 /* CoreGraphics.framework */,
			);
			name = Frameworks;
			sourceTree = "<group>";
		};
		B40A4A2814C586BA00973ED8 /* URL Tester */ = {
			isa = PBXGroup;
			children = (
				B40A4A3114C586BA00973ED8 /* AppDelegate.h */,
				B40A4A3214C586BA00973ED8 /* AppDelegate.m */,
				B40A4A3414C586BA00973ED8 /* MainStoryboard.storyboard */,
				B40A4A3714C586BA00973ED8 /* ViewController.h */,
				B40A4A3814C586BA00973ED8 /* ViewController.m */,
				B40A4A2914C586BA00973ED8 /* Supporting Files */,
			);
			path = "URL Tester";
			sourceTree = "<group>";
		};
		B40A4A2914C586BA00973ED8 /* Supporting Files */ = {
			isa = PBXGroup;
			children = (
				B40A4A2A14C586BA00973ED8 /* URL Tester-Info.plist */,
				B40A4A3014C586BA00973ED8 /* URL Tester-Prefix.pch */,
				B453230415750EBB00373C31 /* espresso.png */,
				3F6BE1551580B01800DE3A4E /* Icon.png */,
				3F6BE1561580B01800DE3A4E /* Icon@2x.png */,
				B40A4A2B14C586BA00973ED8 /* InfoPlist.strings */,
				B40A4A2E14C586BA00973ED8 /* main.m */,
			);
			name = "Supporting Files";
			sourceTree = "<group>";
		};
/* End PBXGroup section */

/* Begin PBXNativeTarget section */
		B40A4A1D14C586BA00973ED8 /* URL Tester */ = {
			isa = PBXNativeTarget;
			buildConfigurationList = B40A4A3C14C586BA00973ED8 /* Build configuration list for PBXNativeTarget "URL Tester" */;
			buildPhases = (
				B40A4A1A14C586BA00973ED8 /* Sources */,
				B40A4A1B14C586BA00973ED8 /* Frameworks */,
				B40A4A1C14C586BA00973ED8 /* Resources */,
			);
			buildRules = (
			);
			dependencies = (
			);
			name = "URL Tester";
			productName = "URL Tester";
			productReference = B40A4A1E14C586BA00973ED8 /* URL Tester.app */;
			productType = "com.apple.product-type.application";
		};
/* End PBXNativeTarget section */

/* Begin PBXProject section */
		B40A4A1514C586BA00973ED8 /* Project object */ = {
			isa = PBXProject;
			attributes = {
				LastUpgradeCheck = 0420;
			};
			buildConfigurationList = B40A4A1814C586BA00973ED8 /* Build configuration list for PBXProject "URL Tester" */;
			compatibilityVersion = "Xcode 3.2";
			developmentRegion = English;
			hasScannedForEncodings = 0;
			knownRegions = (
				en,
			);
			mainGroup = B40A4A1314C586BA00973ED8;
			productRefGroup = B40A4A1F14C586BA00973ED8 /* Products */;
			projectDirPath = "";
			projectRoot = "";
			targets = (
				B40A4A1D14C586BA00973ED8 /* URL Tester */,
			);
		};
/* End PBXProject section */

/* Begin PBXResourcesBuildPhase section */
		B40A4A1C14C586BA00973ED8 /* Resources */ = {
			isa = PBXResourcesBuildPhase;
			buildActionMask = 2147483647;
			files = (
				B40A4A2D14C586BA00973ED8 /* InfoPlist.strings in Resources */,
				B40A4A3614C586BA00973ED8 /* MainStoryboard.storyboard in Resources */,
				B453230515750EBB00373C31 /* espresso.png in Resources */,
				3F6BE1571580B01800DE3A4E /* Icon.png in Resources */,
				3F6BE1581580B01800DE3A4E /* Icon@2x.png in Resources */,
			);
			runOnlyForDeploymentPostprocessing = 0;
		};
/* End PBXResourcesBuildPhase section */

/* Begin PBXSourcesBuildPhase section */
		B40A4A1A14C586BA00973ED8 /* Sources */ = {
			isa = PBXSourcesBuildPhase;
			buildActionMask = 2147483647;
			files = (
				B40A4A2F14C586BA00973ED8 /* main.m in Sources */,
				B40A4A3314C586BA00973ED8 /* AppDelegate.m in Sources */,
				B40A4A3914C586BA00973ED8 /* ViewController.m in Sources */,
			);
			runOnlyForDeploymentPostprocessing = 0;
		};
/* End PBXSourcesBuildPhase section */

/* Begin PBXVariantGroup section */
		B40A4A2B14C586BA00973ED8 /* InfoPlist.strings */ = {
			isa = PBXVariantGroup;
			children = (
				B40A4A2C14C586BA00973ED8 /* en */,
			);
			name = InfoPlist.strings;
			sourceTree = "<group>";
		};
		B40A4A3414C586BA00973ED8 /* MainStoryboard.storyboard */ = {
			isa = PBXVariantGroup;
			children = (
				B40A4A3514C586BA00973ED8 /* en */,
			);
			name = MainStoryboard.storyboard;
			sourceTree = "<group>";
		};
/* End PBXVariantGroup section */

/* Begin XCBuildConfiguration section */
		B40A4A3A14C586BA00973ED8 /* Debug */ = {
			isa = XCBuildConfiguration;
			buildSettings = {
				ALWAYS_SEARCH_USER_PATHS = NO;
				ARCHS = "$(ARCHS_STANDARD_32_BIT)";
				CLANG_ENABLE_OBJC_ARC = YES;
				"CODE_SIGN_IDENTITY[sdk=iphoneos*]" = "iPhone Developer";
				COPY_PHASE_STRIP = NO;
				GCC_C_LANGUAGE_STANDARD = gnu99;
				GCC_DYNAMIC_NO_PIC = NO;
				GCC_OPTIMIZATION_LEVEL = 0;
				GCC_PREPROCESSOR_DEFINITIONS = (
					"DEBUG=1",
					"$(inherited)",
				);
				GCC_SYMBOLS_PRIVATE_EXTERN = NO;
				GCC_VERSION = com.apple.compilers.llvm.clang.1_0;
				GCC_WARN_ABOUT_MISSING_PROTOTYPES = YES;
				GCC_WARN_ABOUT_RETURN_TYPE = YES;
				GCC_WARN_UNUSED_VARIABLE = YES;
				IPHONEOS_DEPLOYMENT_TARGET = 5.0;
				SDKROOT = iphoneos;
			};
			name = Debug;
		};
		B40A4A3B14C586BA00973ED8 /* Release */ = {
			isa = XCBuildConfiguration;
			buildSettings = {
				ALWAYS_SEARCH_USER_PATHS = NO;
				ARCHS = "$(ARCHS_STANDARD_32_BIT)";
				CLANG_ENABLE_OBJC_ARC = YES;
				"CODE_SIGN_IDENTITY[sdk=iphoneos*]" = "iPhone Developer";
				COPY_PHASE_STRIP = YES;
				GCC_C_LANGUAGE_STANDARD = gnu99;
				GCC_VERSION = com.apple.compilers.llvm.clang.1_0;
				GCC_WARN_ABOUT_MISSING_PROTOTYPES = YES;
				GCC_WARN_ABOUT_RETURN_TYPE = YES;
				GCC_WARN_UNUSED_VARIABLE = YES;
				IPHONEOS_DEPLOYMENT_TARGET = 5.0;
				OTHER_CFLAGS = "-DNS_BLOCK_ASSERTIONS=1";
				SDKROOT = iphoneos;
				VALIDATE_PRODUCT = YES;
			};
			name = Release;
		};
		B40A4A3D14C586BA00973ED8 /* Debug */ = {
			isa = XCBuildConfiguration;
			buildSettings = {
				GCC_PRECOMPILE_PREFIX_HEADER = YES;
				GCC_PREFIX_HEADER = "URL Tester/URL Tester-Prefix.pch";
				INFOPLIST_FILE = "URL Tester/URL Tester-Info.plist";
				PRODUCT_NAME = "URL Tester";
				WRAPPER_EXTENSION = app;
			};
			name = Debug;
		};
		B40A4A3E14C586BA00973ED8 /* Release */ = {
			isa = XCBuildConfiguration;
			buildSettings = {
				GCC_PRECOMPILE_PREFIX_HEADER = YES;
				GCC_PREFIX_HEADER = "URL Tester/URL Tester-Prefix.pch";
				INFOPLIST_FILE = "URL Tester/URL Tester-Info.plist";
				PRODUCT_NAME = "URL Tester";
				WRAPPER_EXTENSION = app;
			};
			name = Release;
		};
/* End XCBuildConfiguration section */

/* Begin XCConfigurationList section */
		B40A4A1814C586BA00973ED8 /* Build configuration list for PBXProject "URL Tester" */ = {
			isa = XCConfigurationList;
			buildConfigurations = (
				B40A4A3A14C586BA00973ED8 /* Debug */,
				B40A4A3B14C586BA00973ED8 /* Release */,
			);
			defaultConfigurationIsVisible = 0;
			defaultConfigurationName = Release;
		};
		B40A4A3C14C586BA00973ED8 /* Build configuration list for PBXNativeTarget "URL Tester" */ = {
			isa = XCConfigurationList;
			buildConfigurations = (
				B40A4A3D14C586BA00973ED8 /* Debug */,
				B40A4A3E14C586BA00973ED8 /* Release */,
			);
			defaultConfigurationIsVisible = 0;
			defaultConfigurationName = Release;
		};
/* End XCConfigurationList section */
	};
	rootObject = B40A4A1514C586BA00973ED8 /* Project object */;
}
